
Microsoft Visual Studio Solution File, Format Version 12.00
# Visual Studio Version 16
VisualStudioVersion = 16.0.31515.178
MinimumVisualStudioVersion = 10.0.40219.1
Project("{FAE04EC0-301F-11D3-BF4B-00C04F79EFBC}") = "Proyecto_Carro_Win_p3", "Proyecto_Carro_Win_p2\Proyecto_Carro_Win_p3.csproj", "{F8BBC149-1A48-4083-A03F-A7CEABCE4435}"
EndProject
Global
	GlobalSection(SolutionConfigurationPlatforms) = preSolution
		Debug|Any CPU = Debug|Any CPU
		Release|Any CPU = Release|Any CPU
	EndGlobalSection
	GlobalSection(ProjectConfigurationPlatforms) = postSolution
		{F8BBC149-1A48-4083-A03F-A7CEABCE4435}.Debug|Any CPU.ActiveCfg = Debug|Any CPU
		{F8BBC149-1A48-4083-A03F-A7CEABCE4435}.Debug|Any CPU.Build.0 = Debug|Any CPU
		{F8BBC149-1A48-4083-A03F-A7CEABCE4435}.Release|Any CPU.ActiveCfg = Release|Any CPU
		{F8BBC149-1A48-4083-A03F-A7CEABCE4435}.Release|Any CPU.Build.0 = Release|Any CPU
	EndGlobalSection
	GlobalSection(SolutionProperties) = preSolution
		HideSolutionNode = FALSE
	EndGlobalSection
	GlobalSection(ExtensibilityGlobals) = postSolution
		SolutionGuid = {E699E9A3-0A4C-4C3B-AC79-AE214D2DCA3D}
	EndGlobalSection
EndGlobal
